
Microsoft Visual Studio Solution File, Format Version 12.00
# Visual Studio Version 17
VisualStudioVersion = 17.13.35919.96 d17.13
MinimumVisualStudioVersion = 10.0.40219.1
Project("{FAE04EC0-301F-11D3-BF4B-00C04F79EFBC}") = "razvRATnik", "razvRATnik\razvRATnik.csproj", "{B76565D2-BB90-4D0F-A9C7-DD4CA8AA9C02}"
EndProject
Global
	GlobalSection(SolutionConfigurationPlatforms) = preSolution
		Debug|Any CPU = Debug|Any CPU
		Release|Any CPU = Release|Any CPU
	EndGlobalSection
	GlobalSection(ProjectConfigurationPlatforms) = postSolution
		{B76565D2-BB90-4D0F-A9C7-DD4CA8AA9C02}.Debug|Any CPU.ActiveCfg = Debug|Any CPU
		{B76565D2-BB90-4D0F-A9C7-DD4CA8AA9C02}.Debug|Any CPU.Build.0 = Debug|Any CPU
		{B76565D2-BB90-4D0F-A9C7-DD4CA8AA9C02}.Release|Any CPU.ActiveCfg = Release|Any CPU
		{B76565D2-BB90-4D0F-A9C7-DD4CA8AA9C02}.Release|Any CPU.Build.0 = Release|Any CPU
	EndGlobalSection
	GlobalSection(SolutionProperties) = preSolution
		HideSolutionNode = FALSE
	EndGlobalSection
	GlobalSection(ExtensibilityGlobals) = postSolution
		SolutionGuid = {D79E369C-F357-4F47-A317-DC919A43F585}
	EndGlobalSection
EndGlobal
